
Microsoft Visual Studio Solution File, Format Version 12.00
# Visual Studio Version 17
VisualStudioVersion = 17.14.36616.10
MinimumVisualStudioVersion = 10.0.40219.1
Project("{FAE04EC0-301F-11D3-BF4B-00C04F79EFBC}") = "SCADashboard.Core", "SCADashboard.Core\SCADashboard.Core.csproj", "{13D34AC3-4CC2-4FA0-8F34-03495DC8B73B}"
EndProject
Project("{FAE04EC0-301F-11D3-BF4B-00C04F79EFBC}") = "SCADashboard.Application", "SCADashboard.Application\SCADashboard.Application.csproj", "{9A27503C-4FBA-4DB9-B52A-941E13CCC649}"
EndProject
Project("{FAE04EC0-301F-11D3-BF4B-00C04F79EFBC}") = "SCADashboard.Infrastructure", "SCADashboard.Infrastructure\SCADashboard.Infrastructure.csproj", "{C68C3FD1-AFBC-42F4-93DD-B4B8D72380F2}"
EndProject
Project("{FAE04EC0-301F-11D3-BF4B-00C04F79EFBC}") = "SCADashboard.Web", "SCADashboard.Web\SCADashboard.Web.csproj", "{A313FA42-41C8-4E6C-9DCB-39176630313F}"
EndProject
Global
	GlobalSection(SolutionConfigurationPlatforms) = preSolution
		Debug|Any CPU = Debug|Any CPU
		Release|Any CPU = Release|Any CPU
	EndGlobalSection
	GlobalSection(ProjectConfigurationPlatforms) = postSolution
		{13D34AC3-4CC2-4FA0-8F34-03495DC8B73B}.Debug|Any CPU.ActiveCfg = Debug|Any CPU
		{13D34AC3-4CC2-4FA0-8F34-03495DC8B73B}.Debug|Any CPU.Build.0 = Debug|Any CPU
		{13D34AC3-4CC2-4FA0-8F34-03495DC8B73B}.Release|Any CPU.ActiveCfg = Release|Any CPU
		{13D34AC3-4CC2-4FA0-8F34-03495DC8B73B}.Release|Any CPU.Build.0 = Release|Any CPU
		{9A27503C-4FBA-4DB9-B52A-941E13CCC649}.Debug|Any CPU.ActiveCfg = Debug|Any CPU
		{9A27503C-4FBA-4DB9-B52A-941E13CCC649}.Debug|Any CPU.Build.0 = Debug|Any CPU
		{9A27503C-4FBA-4DB9-B52A-941E13CCC649}.Release|Any CPU.ActiveCfg = Release|Any CPU
		{9A27503C-4FBA-4DB9-B52A-941E13CCC649}.Release|Any CPU.Build.0 = Release|Any CPU
		{C68C3FD1-AFBC-42F4-93DD-B4B8D72380F2}.Debug|Any CPU.ActiveCfg = Debug|Any CPU
		{C68C3FD1-AFBC-42F4-93DD-B4B8D72380F2}.Debug|Any CPU.Build.0 = Debug|Any CPU
		{C68C3FD1-AFBC-42F4-93DD-B4B8D72380F2}.Release|Any CPU.ActiveCfg = Release|Any CPU
		{C68C3FD1-AFBC-42F4-93DD-B4B8D72380F2}.Release|Any CPU.Build.0 = Release|Any CPU
		{A313FA42-41C8-4E6C-9DCB-39176630313F}.Debug|Any CPU.ActiveCfg = Debug|Any CPU
		{A313FA42-41C8-4E6C-9DCB-39176630313F}.Debug|Any CPU.Build.0 = Debug|Any CPU
		{A313FA42-41C8-4E6C-9DCB-39176630313F}.Release|Any CPU.ActiveCfg = Release|Any CPU
		{A313FA42-41C8-4E6C-9DCB-39176630313F}.Release|Any CPU.Build.0 = Release|Any CPU
	EndGlobalSection
	GlobalSection(SolutionProperties) = preSolution
		HideSolutionNode = FALSE
	EndGlobalSection
	GlobalSection(ExtensibilityGlobals) = postSolution
		SolutionGuid = {E080328A-D241-426B-B175-F34F9C4206B3}
	EndGlobalSection
EndGlobal
